
Microsoft Visual Studio Solution File, Format Version 12.00
# Visual Studio 15
VisualStudioVersion = 15.0.27130.0
MinimumVisualStudioVersion = 10.0.40219.1
Project("{8BC9CEB8-8B4A-11D0-8D11-00A0C91BC942}") = "Temperatura", "Temperatura\Temperatura.vcxproj", "{AEC6BEC4-AFEE-4073-A452-DED51917CBAF}"
EndProject
Global
	GlobalSection(SolutionConfigurationPlatforms) = preSolution
		Debug|x64 = Debug|x64
		Debug|x86 = Debug|x86
		Release|x64 = Release|x64
		Release|x86 = Release|x86
	EndGlobalSection
	GlobalSection(ProjectConfigurationPlatforms) = postSolution
		{AEC6BEC4-AFEE-4073-A452-DED51917CBAF}.Debug|x64.ActiveCfg = Debug|x64
		{AEC6BEC4-AFEE-4073-A452-DED51917CBAF}.Debug|x64.Build.0 = Debug|x64
		{AEC6BEC4-AFEE-4073-A452-DED51917CBAF}.Debug|x86.ActiveCfg = Debug|Win32
		{AEC6BEC4-AFEE-4073-A452-DED51917CBAF}.Debug|x86.Build.0 = Debug|Win32
		{AEC6BEC4-AFEE-4073-A452-DED51917CBAF}.Release|x64.ActiveCfg = Release|x64
		{AEC6BEC4-AFEE-4073-A452-DED51917CBAF}.Release|x64.Build.0 = Release|x64
		{AEC6BEC4-AFEE-4073-A452-DED51917CBAF}.Release|x86.ActiveCfg = Release|Win32
		{AEC6BEC4-AFEE-4073-A452-DED51917CBAF}.Release|x86.Build.0 = Release|Win32
	EndGlobalSection
	GlobalSection(SolutionProperties) = preSolution
		HideSolutionNode = FALSE
	EndGlobalSection
	GlobalSection(ExtensibilityGlobals) = postSolution
		SolutionGuid = {9B1AE13E-E100-40C7-BD5F-D61F4CBAC70C}
	EndGlobalSection
EndGlobal
