
Microsoft Visual Studio Solution File, Format Version 12.00
# Visual Studio 15
VisualStudioVersion = 15.0.27004.2005
MinimumVisualStudioVersion = 10.0.40219.1
Project("{8BC9CEB8-8B4A-11D0-8D11-00A0C91BC942}") = "lab work", "lab work\lab work.vcxproj", "{BC6C89ED-11F7-4EB1-B4A1-7468F0377C26}"
EndProject
Global
	GlobalSection(SolutionConfigurationPlatforms) = preSolution
		Debug|x64 = Debug|x64
		Debug|x86 = Debug|x86
		Release|x64 = Release|x64
		Release|x86 = Release|x86
	EndGlobalSection
	GlobalSection(ProjectConfigurationPlatforms) = postSolution
		{BC6C89ED-11F7-4EB1-B4A1-7468F0377C26}.Debug|x64.ActiveCfg = Debug|x64
		{BC6C89ED-11F7-4EB1-B4A1-7468F0377C26}.Debug|x64.Build.0 = Debug|x64
		{BC6C89ED-11F7-4EB1-B4A1-7468F0377C26}.Debug|x86.ActiveCfg = Debug|Win32
		{BC6C89ED-11F7-4EB1-B4A1-7468F0377C26}.Debug|x86.Build.0 = Debug|Win32
		{BC6C89ED-11F7-4EB1-B4A1-7468F0377C26}.Release|x64.ActiveCfg = Release|x64
		{BC6C89ED-11F7-4EB1-B4A1-7468F0377C26}.Release|x64.Build.0 = Release|x64
		{BC6C89ED-11F7-4EB1-B4A1-7468F0377C26}.Release|x86.ActiveCfg = Release|Win32
		{BC6C89ED-11F7-4EB1-B4A1-7468F0377C26}.Release|x86.Build.0 = Release|Win32
	EndGlobalSection
	GlobalSection(SolutionProperties) = preSolution
		HideSolutionNode = FALSE
	EndGlobalSection
	GlobalSection(ExtensibilityGlobals) = postSolution
		SolutionGuid = {128892E1-C41F-4780-BAF9-A2F1795D4617}
	EndGlobalSection
EndGlobal
